<Solution>
  <Folder Name="/src/">
    <Project Path="src/FarmaciaApp.Api/FarmaciaApp.Api.csproj" />
    <Project Path="src/FarmaciaApp.Core/FarmaciaApp.Core.csproj" />
    <Project Path="src/FarmaciaApp.Infrastructure/FarmaciaApp.Infrastructure.csproj" />
    <Project Path="src/FarmaciaApp.Desktop/FarmaciaApp.Desktop.csproj" />
  </Folder>
  <Folder Name="/tests/">
    <Project Path="tests/FarmaciaApp.Api.Tests/FarmaciaApp.Api.Tests.csproj" />
    <Project Path="tests/FarmaciaApp.Core.Tests/FarmaciaApp.Core.Tests.csproj" />
  </Folder>
</Solution>
